
Microsoft Visual Studio Solution File, Format Version 12.00
# Visual Studio Version 16
VisualStudioVersion = 16.0.31105.61
MinimumVisualStudioVersion = 10.0.40219.1
Project("{FAE04EC0-301F-11D3-BF4B-00C04F79EFBC}") = "GrpcServer", "GrpcServer\GrpcServer.csproj", "{FF42F9B2-368F-4AAA-8A23-117FAACEDF42}"
EndProject
Project("{FAE04EC0-301F-11D3-BF4B-00C04F79EFBC}") = "GrpcClient", "GrpcClient\GrpcClient.csproj", "{CA23B559-AEAD-4F5C-9DF4-AF2C40FD3A11}"
EndProject
Global
	GlobalSection(SolutionConfigurationPlatforms) = preSolution
		Debug|Any CPU = Debug|Any CPU
		Release|Any CPU = Release|Any CPU
	EndGlobalSection
	GlobalSection(ProjectConfigurationPlatforms) = postSolution
		{FF42F9B2-368F-4AAA-8A23-117FAACEDF42}.Debug|Any CPU.ActiveCfg = Debug|Any CPU
		{FF42F9B2-368F-4AAA-8A23-117FAACEDF42}.Debug|Any CPU.Build.0 = Debug|Any CPU
		{FF42F9B2-368F-4AAA-8A23-117FAACEDF42}.Release|Any CPU.ActiveCfg = Release|Any CPU
		{FF42F9B2-368F-4AAA-8A23-117FAACEDF42}.Release|Any CPU.Build.0 = Release|Any CPU
		{CA23B559-AEAD-4F5C-9DF4-AF2C40FD3A11}.Debug|Any CPU.ActiveCfg = Debug|Any CPU
		{CA23B559-AEAD-4F5C-9DF4-AF2C40FD3A11}.Debug|Any CPU.Build.0 = Debug|Any CPU
		{CA23B559-AEAD-4F5C-9DF4-AF2C40FD3A11}.Release|Any CPU.ActiveCfg = Release|Any CPU
		{CA23B559-AEAD-4F5C-9DF4-AF2C40FD3A11}.Release|Any CPU.Build.0 = Release|Any CPU
	EndGlobalSection
	GlobalSection(SolutionProperties) = preSolution
		HideSolutionNode = FALSE
	EndGlobalSection
	GlobalSection(ExtensibilityGlobals) = postSolution
		SolutionGuid = {86EE74F7-71E8-42BA-A7E2-995840D2336C}
	EndGlobalSection
EndGlobal
